
Microsoft Visual Studio Solution File, Format Version 12.00
# Visual Studio Version 16
VisualStudioVersion = 16.0.30114.105
MinimumVisualStudioVersion = 10.0.40219.1
Project("{FAE04EC0-301F-11D3-BF4B-00C04F79EFBC}") = "2.test", "test\2.test.csproj", "{0B10039E-60AE-42A9-8691-16C87777D5F1}"
EndProject
Project("{FAE04EC0-301F-11D3-BF4B-00C04F79EFBC}") = "2", "src\2.csproj", "{FEF58990-8E03-42DC-93C6-D577A5D207A3}"
EndProject
Global
	GlobalSection(SolutionConfigurationPlatforms) = preSolution
		Debug|Any CPU = Debug|Any CPU
		Release|Any CPU = Release|Any CPU
	EndGlobalSection
	GlobalSection(SolutionProperties) = preSolution
		HideSolutionNode = FALSE
	EndGlobalSection
	GlobalSection(ProjectConfigurationPlatforms) = postSolution
		{0B10039E-60AE-42A9-8691-16C87777D5F1}.Debug|Any CPU.ActiveCfg = Debug|Any CPU
		{0B10039E-60AE-42A9-8691-16C87777D5F1}.Debug|Any CPU.Build.0 = Debug|Any CPU
		{0B10039E-60AE-42A9-8691-16C87777D5F1}.Release|Any CPU.ActiveCfg = Release|Any CPU
		{0B10039E-60AE-42A9-8691-16C87777D5F1}.Release|Any CPU.Build.0 = Release|Any CPU
		{FEF58990-8E03-42DC-93C6-D577A5D207A3}.Debug|Any CPU.ActiveCfg = Debug|Any CPU
		{FEF58990-8E03-42DC-93C6-D577A5D207A3}.Debug|Any CPU.Build.0 = Debug|Any CPU
		{FEF58990-8E03-42DC-93C6-D577A5D207A3}.Release|Any CPU.ActiveCfg = Release|Any CPU
		{FEF58990-8E03-42DC-93C6-D577A5D207A3}.Release|Any CPU.Build.0 = Release|Any CPU
	EndGlobalSection
EndGlobal
